
Microsoft Visual Studio Solution File, Format Version 12.00
# Visual Studio Version 17
VisualStudioVersion = 17.8.34511.84
MinimumVisualStudioVersion = 10.0.40219.1
Project("{FAE04EC0-301F-11D3-BF4B-00C04F79EFBC}") = "KolokwiumDF", "KolokwiumDF\KolokwiumDF.csproj", "{031869E7-3AF7-4EE5-AAD5-1D1AA1113643}"
EndProject
Global
	GlobalSection(SolutionConfigurationPlatforms) = preSolution
		Debug|Any CPU = Debug|Any CPU
		Release|Any CPU = Release|Any CPU
	EndGlobalSection
	GlobalSection(ProjectConfigurationPlatforms) = postSolution
		{031869E7-3AF7-4EE5-AAD5-1D1AA1113643}.Debug|Any CPU.ActiveCfg = Debug|Any CPU
		{031869E7-3AF7-4EE5-AAD5-1D1AA1113643}.Debug|Any CPU.Build.0 = Debug|Any CPU
		{031869E7-3AF7-4EE5-AAD5-1D1AA1113643}.Release|Any CPU.ActiveCfg = Release|Any CPU
		{031869E7-3AF7-4EE5-AAD5-1D1AA1113643}.Release|Any CPU.Build.0 = Release|Any CPU
	EndGlobalSection
	GlobalSection(SolutionProperties) = preSolution
		HideSolutionNode = FALSE
	EndGlobalSection
	GlobalSection(ExtensibilityGlobals) = postSolution
		SolutionGuid = {66BCF686-9312-4862-8F30-E1C66C848959}
	EndGlobalSection
EndGlobal
